
Microsoft Visual Studio Solution File, Format Version 12.00
# Visual Studio Version 17
VisualStudioVersion = 17.0.32126.317
MinimumVisualStudioVersion = 10.0.40219.1
Project("{FAE04EC0-301F-11D3-BF4B-00C04F79EFBC}") = "Module1_Bai5", "Module1_Bai5\Module1_Bai5.csproj", "{69AB177D-10F6-4033-8306-DA8CE95E24EA}"
EndProject
Global
	GlobalSection(SolutionConfigurationPlatforms) = preSolution
		Debug|Any CPU = Debug|Any CPU
		Release|Any CPU = Release|Any CPU
	EndGlobalSection
	GlobalSection(ProjectConfigurationPlatforms) = postSolution
		{69AB177D-10F6-4033-8306-DA8CE95E24EA}.Debug|Any CPU.ActiveCfg = Debug|Any CPU
		{69AB177D-10F6-4033-8306-DA8CE95E24EA}.Debug|Any CPU.Build.0 = Debug|Any CPU
		{69AB177D-10F6-4033-8306-DA8CE95E24EA}.Release|Any CPU.ActiveCfg = Release|Any CPU
		{69AB177D-10F6-4033-8306-DA8CE95E24EA}.Release|Any CPU.Build.0 = Release|Any CPU
	EndGlobalSection
	GlobalSection(SolutionProperties) = preSolution
		HideSolutionNode = FALSE
	EndGlobalSection
	GlobalSection(ExtensibilityGlobals) = postSolution
		SolutionGuid = {97EAA7EA-E186-42F0-A426-FACD8BC4B1FF}
	EndGlobalSection
EndGlobal
