
Microsoft Visual Studio Solution File, Format Version 12.00
# Visual Studio Version 17
VisualStudioVersion = 17.0.32126.317
MinimumVisualStudioVersion = 10.0.40219.1
Project("{FAE04EC0-301F-11D3-BF4B-00C04F79EFBC}") = "Bai11", "Bai11\Bai11.csproj", "{1D2BD868-BB2B-4B1C-AE09-661CC0DBA2B8}"
EndProject
Global
	GlobalSection(SolutionConfigurationPlatforms) = preSolution
		Debug|Any CPU = Debug|Any CPU
		Release|Any CPU = Release|Any CPU
	EndGlobalSection
	GlobalSection(ProjectConfigurationPlatforms) = postSolution
		{1D2BD868-BB2B-4B1C-AE09-661CC0DBA2B8}.Debug|Any CPU.ActiveCfg = Debug|Any CPU
		{1D2BD868-BB2B-4B1C-AE09-661CC0DBA2B8}.Debug|Any CPU.Build.0 = Debug|Any CPU
		{1D2BD868-BB2B-4B1C-AE09-661CC0DBA2B8}.Release|Any CPU.ActiveCfg = Release|Any CPU
		{1D2BD868-BB2B-4B1C-AE09-661CC0DBA2B8}.Release|Any CPU.Build.0 = Release|Any CPU
	EndGlobalSection
	GlobalSection(SolutionProperties) = preSolution
		HideSolutionNode = FALSE
	EndGlobalSection
	GlobalSection(ExtensibilityGlobals) = postSolution
		SolutionGuid = {BD1FC3CE-1031-4926-8E1E-F17C1AF3058B}
	EndGlobalSection
EndGlobal
