
Microsoft Visual Studio Solution File, Format Version 12.00
# Visual Studio Version 17
VisualStudioVersion = 17.0.32126.317
MinimumVisualStudioVersion = 10.0.40219.1
Project("{FAE04EC0-301F-11D3-BF4B-00C04F79EFBC}") = "Bai1", "Bai1\Bai1.csproj", "{62CE8E18-9A7E-4DF0-A09E-325969EF534A}"
EndProject
Global
	GlobalSection(SolutionConfigurationPlatforms) = preSolution
		Debug|Any CPU = Debug|Any CPU
		Release|Any CPU = Release|Any CPU
	EndGlobalSection
	GlobalSection(ProjectConfigurationPlatforms) = postSolution
		{62CE8E18-9A7E-4DF0-A09E-325969EF534A}.Debug|Any CPU.ActiveCfg = Debug|Any CPU
		{62CE8E18-9A7E-4DF0-A09E-325969EF534A}.Debug|Any CPU.Build.0 = Debug|Any CPU
		{62CE8E18-9A7E-4DF0-A09E-325969EF534A}.Release|Any CPU.ActiveCfg = Release|Any CPU
		{62CE8E18-9A7E-4DF0-A09E-325969EF534A}.Release|Any CPU.Build.0 = Release|Any CPU
	EndGlobalSection
	GlobalSection(SolutionProperties) = preSolution
		HideSolutionNode = FALSE
	EndGlobalSection
	GlobalSection(ExtensibilityGlobals) = postSolution
		SolutionGuid = {EC6305FD-AC01-485F-BC9F-B04D321BD3EA}
	EndGlobalSection
EndGlobal
